{
    "version": 3,
    "terraform_version": "0.9.11",
    "serial": 16,
    "lineage": "9420524a-0623-4e63-8bcd-113f14a8a75c",
    "modules": [
        {
            "path": [
                "root"
            ],
            "outputs": {},
            "resources": {
                "digitalocean_droplet.mittab": {
                    "type": "digitalocean_droplet",
                    "depends_on": [],
                    "primary": {
                        "id": "55909129",
                        "attributes": {
                            "disk": "20",
                            "id": "55909129",
                            "image": "docker",
                            "ipv4_address": "104.236.77.64",
                            "ipv4_address_private": "10.132.99.53",
                            "locked": "false",
                            "name": "mittab-tform2",
                            "price_hourly": "0.00744",
                            "price_monthly": "5",
                            "private_networking": "true",
                            "region": "nyc3",
                            "resize_disk": "true",
                            "size": "512mb",
                            "ssh_keys.#": "1",
                            "ssh_keys.0": "52:49:81:a1:fe:60:95:bf:09:e8:fa:a6:55:e5:77:bd",
                            "status": "active",
                            "tags.#": "0",
                            "vcpus": "1"
                        },
                        "meta": {},
                        "tainted": false
                    },
                    "deposed": [],
                    "provider": ""
                }
            },
            "depends_on": []
        }
    ]
}
